Microsoft Visual Studio Solution File, Format Version 12.00
# Visual Studio Express 2012 for Windows Desktop
Project("{8BC9CEB8-8B4A-11D0-8D11-00A0C91BC942}") = "bsppath", "bsppath.vcxproj", "{727F9F4D-B460-4824-A3EB-99B061688B7A}"
EndProject
Global
	GlobalSection(SolutionConfigurationPlatforms) = preSolution
		Debug|Win32 = Debug|Win32
		Release|Win32 = Release|Win32
	EndGlobalSection
	GlobalSection(ProjectConfigurationPlatforms) = postSolution
		{727F9F4D-B460-4824-A3EB-99B061688B7A}.Debug|Win32.ActiveCfg = Debug|Win32
		{727F9F4D-B460-4824-A3EB-99B061688B7A}.Debug|Win32.Build.0 = Debug|Win32
		{727F9F4D-B460-4824-A3EB-99B061688B7A}.Release|Win32.ActiveCfg = Release|Win32
		{727F9F4D-B460-4824-A3EB-99B061688B7A}.Release|Win32.Build.0 = Release|Win32
	EndGlobalSection
	GlobalSection(SolutionProperties) = preSolution
		HideSolutionNode = FALSE
	EndGlobalSection
EndGlobal
