<?xml version="1.0" encoding="utf-8"?>
<Project ToolsVersion="4.0" xmlns="http://schemas.microsoft.com/developer/msbuild/2003">
  <ItemGroup>
    <Filter Include="Source Files">
      <UniqueIdentifier>{b3e5d920-b471-4a10-9634-6d83768e55f3}</UniqueIdentifier>
      <Extensions>cpp;c;cxx;rc;def;r;odl;hpj;bat;for;f90</Extensions>
    </Filter>
    <Filter Include="Header Files">
      <UniqueIdentifier>{3165bc97-7045-488b-ae18-6778ff20c942}</UniqueIdentifier>
    </Filter>
  </ItemGroup>
  <ItemGroup>
    <ClCompile Include="source\arcball.cpp">
      <Filter>Source Files</Filter>
    </ClCompile>
    <ClCompile Include="source\bound_3d.cpp">
      <Filter>Source Files</Filter>
    </ClCompile>
    <ClCompile Include="source\bspnode_3d.cpp">
      <Filter>Source Files</Filter>
    </ClCompile>
    <ClCompile Include="source\bsptree_3d.cpp">
      <Filter>Source Files</Filter>
    </ClCompile>
    <ClCompile Include="source\camera_3d.cpp">
      <Filter>Source Files</Filter>
    </ClCompile>
    <ClCompile Include="source\cube.cpp">
      <Filter>Source Files</Filter>
    </ClCompile>
    <ClCompile Include="source\draw.cpp">
      <Filter>Source Files</Filter>
    </ClCompile>
    <ClCompile Include="source\initapp.cpp">
      <Filter>Source Files</Filter>
    </ClCompile>
    <ClCompile Include="source\iterator_3d.cpp">
      <Filter>Source Files</Filter>
    </ClCompile>
    <ClCompile Include="source\listptr_3d.cpp">
      <Filter>Source Files</Filter>
    </ClCompile>
    <ClCompile Include="source\matrix_3d.cpp">
      <Filter>Source Files</Filter>
    </ClCompile>
    <ClCompile Include="source\object_3d.cpp">
      <Filter>Source Files</Filter>
    </ClCompile>
    <ClCompile Include="source\plane_3d.cpp">
      <Filter>Source Files</Filter>
    </ClCompile>
    <ClCompile Include="source\point_2d.cpp">
      <Filter>Source Files</Filter>
    </ClCompile>
    <ClCompile Include="source\point_3d.cpp">
      <Filter>Source Files</Filter>
    </ClCompile>
    <ClCompile Include="source\polygon_3d.cpp">
      <Filter>Source Files</Filter>
    </ClCompile>
    <ClCompile Include="source\polylist_3d.cpp">
      <Filter>Source Files</Filter>
    </ClCompile>
    <ClCompile Include="source\polyptr_3d.cpp">
      <Filter>Source Files</Filter>
    </ClCompile>
    <ClCompile Include="source\quaternion_3d.cpp">
      <Filter>Source Files</Filter>
    </ClCompile>
    <ClCompile Include="source\ray_3d.cpp">
      <Filter>Source Files</Filter>
    </ClCompile>
    <ClCompile Include="source\rcpolygon_3d.cpp">
      <Filter>Source Files</Filter>
    </ClCompile>
    <ClCompile Include="source\split.cpp">
      <Filter>Source Files</Filter>
    </ClCompile>
    <ClCompile Include="source\transform_3d.cpp">
      <Filter>Source Files</Filter>
    </ClCompile>
    <ClCompile Include="source\tuple_2d.cpp">
      <Filter>Source Files</Filter>
    </ClCompile>
    <ClCompile Include="source\tuple_3d.cpp">
      <Filter>Source Files</Filter>
    </ClCompile>
    <ClCompile Include="source\vector_2d.cpp">
      <Filter>Source Files</Filter>
    </ClCompile>
    <ClCompile Include="source\vector_3d.cpp">
      <Filter>Source Files</Filter>
    </ClCompile>
    <ClCompile Include="source\view.cpp">
      <Filter>Source Files</Filter>
    </ClCompile>
  </ItemGroup>
  <ItemGroup>
    <ClInclude Include="INCLUDE\ARCBALL.H">
      <Filter>Header Files</Filter>
    </ClInclude>
    <ClInclude Include="INCLUDE\BOUND_3D.H">
      <Filter>Header Files</Filter>
    </ClInclude>
    <ClInclude Include="INCLUDE\bspnode_3d.h">
      <Filter>Header Files</Filter>
    </ClInclude>
    <ClInclude Include="INCLUDE\bsptree_3d.h">
      <Filter>Header Files</Filter>
    </ClInclude>
    <ClInclude Include="INCLUDE\camera_3d.h">
      <Filter>Header Files</Filter>
    </ClInclude>
    <ClInclude Include="INCLUDE\COORD.H">
      <Filter>Header Files</Filter>
    </ClInclude>
    <ClInclude Include="INCLUDE\CUBE.H">
      <Filter>Header Files</Filter>
    </ClInclude>
    <ClInclude Include="INCLUDE\DRAW.H">
      <Filter>Header Files</Filter>
    </ClInclude>
    <ClInclude Include="INCLUDE\iterator_3d.h">
      <Filter>Header Files</Filter>
    </ClInclude>
    <ClInclude Include="INCLUDE\listptr_3d.h">
      <Filter>Header Files</Filter>
    </ClInclude>
    <ClInclude Include="INCLUDE\matrix_3d.h">
      <Filter>Header Files</Filter>
    </ClInclude>
    <ClInclude Include="INCLUDE\object_3d.h">
      <Filter>Header Files</Filter>
    </ClInclude>
    <ClInclude Include="INCLUDE\PI.H">
      <Filter>Header Files</Filter>
    </ClInclude>
    <ClInclude Include="INCLUDE\PLANE_3D.H">
      <Filter>Header Files</Filter>
    </ClInclude>
    <ClInclude Include="INCLUDE\POINT_2D.H">
      <Filter>Header Files</Filter>
    </ClInclude>
    <ClInclude Include="INCLUDE\POINT_3D.H">
      <Filter>Header Files</Filter>
    </ClInclude>
    <ClInclude Include="INCLUDE\polygon_3d.h">
      <Filter>Header Files</Filter>
    </ClInclude>
    <ClInclude Include="INCLUDE\polylist_3d.h">
      <Filter>Header Files</Filter>
    </ClInclude>
    <ClInclude Include="INCLUDE\polyptr_3d.h">
      <Filter>Header Files</Filter>
    </ClInclude>
    <ClInclude Include="INCLUDE\precompile.h">
      <Filter>Header Files</Filter>
    </ClInclude>
    <ClInclude Include="INCLUDE\quaternion_3d.h">
      <Filter>Header Files</Filter>
    </ClInclude>
    <ClInclude Include="INCLUDE\RAY_3D.H">
      <Filter>Header Files</Filter>
    </ClInclude>
    <ClInclude Include="INCLUDE\rcpolygon_3d.h">
      <Filter>Header Files</Filter>
    </ClInclude>
    <ClInclude Include="INCLUDE\SPLIT.H">
      <Filter>Header Files</Filter>
    </ClInclude>
    <ClInclude Include="INCLUDE\transform_3d.h">
      <Filter>Header Files</Filter>
    </ClInclude>
    <ClInclude Include="INCLUDE\TUPLE_2D.H">
      <Filter>Header Files</Filter>
    </ClInclude>
    <ClInclude Include="INCLUDE\TUPLE_3D.H">
      <Filter>Header Files</Filter>
    </ClInclude>
    <ClInclude Include="INCLUDE\UTILITY.H">
      <Filter>Header Files</Filter>
    </ClInclude>
    <ClInclude Include="INCLUDE\vector_2d.h">
      <Filter>Header Files</Filter>
    </ClInclude>
    <ClInclude Include="INCLUDE\vector_3d.h">
      <Filter>Header Files</Filter>
    </ClInclude>
    <ClInclude Include="INCLUDE\view.h">
      <Filter>Header Files</Filter>
    </ClInclude>
  </ItemGroup>
</Project>