<?xml version="1.0" encoding="utf-8"?>
<Project ToolsVersion="4.0" xmlns="http://schemas.microsoft.com/developer/msbuild/2003">
  <ItemGroup>
    <Filter Include="src">
      <UniqueIdentifier>{48afb9d1-6562-49f8-a7bc-605c8ec348ca}</UniqueIdentifier>
    </Filter>
  </ItemGroup>
  <ItemGroup>
    <ClCompile Include="src\arcball.cpp">
      <Filter>src</Filter>
    </ClCompile>
    <ClCompile Include="src\BOUND_3D.CPP">
      <Filter>src</Filter>
    </ClCompile>
    <ClCompile Include="src\bspnode_3d.cpp">
      <Filter>src</Filter>
    </ClCompile>
    <ClCompile Include="src\bsptree_3d.cpp">
      <Filter>src</Filter>
    </ClCompile>
    <ClCompile Include="src\camera_3d.cpp">
      <Filter>src</Filter>
    </ClCompile>
    <ClCompile Include="src\CUBE.CPP">
      <Filter>src</Filter>
    </ClCompile>
    <ClCompile Include="src\initapp.cpp">
      <Filter>src</Filter>
    </ClCompile>
    <ClCompile Include="src\iterator_3d.cpp">
      <Filter>src</Filter>
    </ClCompile>
    <ClCompile Include="src\listptr_3d.cpp">
      <Filter>src</Filter>
    </ClCompile>
    <ClCompile Include="src\matrix_3d.cpp">
      <Filter>src</Filter>
    </ClCompile>
    <ClCompile Include="src\object_3d.cpp">
      <Filter>src</Filter>
    </ClCompile>
    <ClCompile Include="src\plane_3d.cpp">
      <Filter>src</Filter>
    </ClCompile>
    <ClCompile Include="src\POINT_2D.CPP">
      <Filter>src</Filter>
    </ClCompile>
    <ClCompile Include="src\POINT_3D.CPP">
      <Filter>src</Filter>
    </ClCompile>
    <ClCompile Include="src\polygon_3d.cpp">
      <Filter>src</Filter>
    </ClCompile>
    <ClCompile Include="src\polylist_3d.cpp">
      <Filter>src</Filter>
    </ClCompile>
    <ClCompile Include="src\polyptr_3d.cpp">
      <Filter>src</Filter>
    </ClCompile>
    <ClCompile Include="src\quaternion_3d.cpp">
      <Filter>src</Filter>
    </ClCompile>
    <ClCompile Include="src\RAY_3D.CPP">
      <Filter>src</Filter>
    </ClCompile>
    <ClCompile Include="src\rcpolygon_3d.cpp">
      <Filter>src</Filter>
    </ClCompile>
    <ClCompile Include="src\SPLIT.CPP">
      <Filter>src</Filter>
    </ClCompile>
    <ClCompile Include="src\transform_3d.cpp">
      <Filter>src</Filter>
    </ClCompile>
    <ClCompile Include="src\tuple_2d.cpp">
      <Filter>src</Filter>
    </ClCompile>
    <ClCompile Include="src\tuple_3d.cpp">
      <Filter>src</Filter>
    </ClCompile>
    <ClCompile Include="src\vector_2d.cpp">
      <Filter>src</Filter>
    </ClCompile>
    <ClCompile Include="src\vector_3d.cpp">
      <Filter>src</Filter>
    </ClCompile>
    <ClCompile Include="src\view.cpp">
      <Filter>src</Filter>
    </ClCompile>
  </ItemGroup>
  <ItemGroup>
    <ClInclude Include="src\arcball.h">
      <Filter>src</Filter>
    </ClInclude>
    <ClInclude Include="src\BOUND_3D.H">
      <Filter>src</Filter>
    </ClInclude>
    <ClInclude Include="src\bspnode_3d.h">
      <Filter>src</Filter>
    </ClInclude>
    <ClInclude Include="src\bsptree_3d.h">
      <Filter>src</Filter>
    </ClInclude>
    <ClInclude Include="src\camera_3d.h">
      <Filter>src</Filter>
    </ClInclude>
    <ClInclude Include="src\COORD.H">
      <Filter>src</Filter>
    </ClInclude>
    <ClInclude Include="src\CUBE.H">
      <Filter>src</Filter>
    </ClInclude>
    <ClInclude Include="src\iterator_3d.h">
      <Filter>src</Filter>
    </ClInclude>
    <ClInclude Include="src\listptr_3d.h">
      <Filter>src</Filter>
    </ClInclude>
    <ClInclude Include="src\matrix_3d.h">
      <Filter>src</Filter>
    </ClInclude>
    <ClInclude Include="src\object_3d.h">
      <Filter>src</Filter>
    </ClInclude>
    <ClInclude Include="src\PLANE_3D.H">
      <Filter>src</Filter>
    </ClInclude>
    <ClInclude Include="src\POINT_2D.H">
      <Filter>src</Filter>
    </ClInclude>
    <ClInclude Include="src\POINT_3D.H">
      <Filter>src</Filter>
    </ClInclude>
    <ClInclude Include="src\polygon_3d.h">
      <Filter>src</Filter>
    </ClInclude>
    <ClInclude Include="src\polylist_3d.h">
      <Filter>src</Filter>
    </ClInclude>
    <ClInclude Include="src\polyptr_3d.h">
      <Filter>src</Filter>
    </ClInclude>
    <ClInclude Include="src\precompile.h">
      <Filter>src</Filter>
    </ClInclude>
    <ClInclude Include="src\quaternion_3d.h">
      <Filter>src</Filter>
    </ClInclude>
    <ClInclude Include="src\RAY_3D.H">
      <Filter>src</Filter>
    </ClInclude>
    <ClInclude Include="src\rcpolygon_3d.h">
      <Filter>src</Filter>
    </ClInclude>
    <ClInclude Include="src\SPLIT.H">
      <Filter>src</Filter>
    </ClInclude>
    <ClInclude Include="src\transform_3d.h">
      <Filter>src</Filter>
    </ClInclude>
    <ClInclude Include="src\TUPLE_2D.H">
      <Filter>src</Filter>
    </ClInclude>
    <ClInclude Include="src\TUPLE_3D.H">
      <Filter>src</Filter>
    </ClInclude>
    <ClInclude Include="src\UTILITY.H">
      <Filter>src</Filter>
    </ClInclude>
    <ClInclude Include="src\vector_2d.h">
      <Filter>src</Filter>
    </ClInclude>
    <ClInclude Include="src\vector_3d.h">
      <Filter>src</Filter>
    </ClInclude>
    <ClInclude Include="src\view.h">
      <Filter>src</Filter>
    </ClInclude>
  </ItemGroup>
</Project>