<?xml version="1.0" encoding="utf-8"?>
<Project ToolsVersion="4.0" xmlns="http://schemas.microsoft.com/developer/msbuild/2003">
  <ItemGroup>
    <Filter Include="Source Files">
      <UniqueIdentifier>{4FC737F1-C7A5-4376-A066-2A32D752A2FF}</UniqueIdentifier>
      <Extensions>cpp;c;cxx;def;odl;idl;hpj;bat;asm;asmx</Extensions>
    </Filter>
    <Filter Include="Header Files">
      <UniqueIdentifier>{93995380-89BD-4b04-88EB-625FBE52EBFB}</UniqueIdentifier>
      <Extensions>h;hpp;hxx;hm;inl;inc;xsd</Extensions>
    </Filter>
    <Filter Include="Resource Files">
      <UniqueIdentifier>{67DA6AB6-F800-4c08-8B7A-83BB121AAD01}</UniqueIdentifier>
      <Extensions>rc;ico;cur;bmp;dlg;rc2;rct;bin;rgs;gif;jpg;jpeg;jpe;resx</Extensions>
    </Filter>
  </ItemGroup>
  <ItemGroup>
    <ClCompile Include="collider.cpp">
      <Filter>Source Files</Filter>
    </ClCompile>
    <ClCompile Include="debug.cpp">
      <Filter>Source Files</Filter>
    </ClCompile>
    <ClCompile Include="drawing.cpp">
      <Filter>Source Files</Filter>
    </ClCompile>
    <ClCompile Include="precompile.cpp">
      <Filter>Source Files</Filter>
    </ClCompile>
    <ClCompile Include="solver.cpp">
      <Filter>Source Files</Filter>
    </ClCompile>
    <ClCompile Include="thing.cpp">
      <Filter>Source Files</Filter>
    </ClCompile>
    <ClCompile Include="thing_manager.cpp">
      <Filter>Source Files</Filter>
    </ClCompile>
    <ClCompile Include="timer.cpp">
      <Filter>Source Files</Filter>
    </ClCompile>
    <ClCompile Include="tools.cpp">
      <Filter>Source Files</Filter>
    </ClCompile>
  </ItemGroup>
  <ItemGroup>
    <ClInclude Include="array.h">
      <Filter>Header Files</Filter>
    </ClInclude>
    <ClInclude Include="assert.h">
      <Filter>Header Files</Filter>
    </ClInclude>
    <ClInclude Include="bound.h">
      <Filter>Header Files</Filter>
    </ClInclude>
    <ClInclude Include="collider.h">
      <Filter>Header Files</Filter>
    </ClInclude>
    <ClInclude Include="constants.h">
      <Filter>Header Files</Filter>
    </ClInclude>
    <ClInclude Include="constraints.h">
      <Filter>Header Files</Filter>
    </ClInclude>
    <ClInclude Include="debug.h">
      <Filter>Header Files</Filter>
    </ClInclude>
    <ClInclude Include="drawing.h">
      <Filter>Header Files</Filter>
    </ClInclude>
    <ClInclude Include="list_node.h">
      <Filter>Header Files</Filter>
    </ClInclude>
    <ClInclude Include="mash.h">
      <Filter>Header Files</Filter>
    </ClInclude>
    <ClInclude Include="object_type.h">
      <Filter>Header Files</Filter>
    </ClInclude>
    <ClInclude Include="precompile.h">
      <Filter>Header Files</Filter>
    </ClInclude>
    <ClInclude Include="solver.h">
      <Filter>Header Files</Filter>
    </ClInclude>
    <ClInclude Include="thing.h">
      <Filter>Header Files</Filter>
    </ClInclude>
    <ClInclude Include="thing_manager.h">
      <Filter>Header Files</Filter>
    </ClInclude>
    <ClInclude Include="timer.h">
      <Filter>Header Files</Filter>
    </ClInclude>
    <ClInclude Include="tools.h">
      <Filter>Header Files</Filter>
    </ClInclude>
    <ClInclude Include="upper_half.h">
      <Filter>Header Files</Filter>
    </ClInclude>
    <ClInclude Include="Resource.h">
      <Filter>Resource Files</Filter>
    </ClInclude>
    <ClInclude Include="vector2.h">
      <Filter>Header Files</Filter>
    </ClInclude>
  </ItemGroup>
  <ItemGroup>
    <None Include="bound.inl">
      <Filter>Header Files</Filter>
    </None>
    <None Include="list_node.inl">
      <Filter>Header Files</Filter>
    </None>
    <None Include="mash.inl">
      <Filter>Header Files</Filter>
    </None>
    <None Include="thing.inl">
      <Filter>Header Files</Filter>
    </None>
    <None Include="upper_half.inl">
      <Filter>Header Files</Filter>
    </None>
    <None Include="vector2.inl">
      <Filter>Header Files</Filter>
    </None>
  </ItemGroup>
  <ItemGroup>
    <Image Include="small.ico">
      <Filter>Resource Files</Filter>
    </Image>
    <Image Include="ThingManager.ico">
      <Filter>Resource Files</Filter>
    </Image>
  </ItemGroup>
  <ItemGroup>
    <ResourceCompile Include="ThingManager.rc">
      <Filter>Resource Files</Filter>
    </ResourceCompile>
  </ItemGroup>
  <ItemGroup>
    <Text Include="todo.txt" />
  </ItemGroup>
</Project>