<?xml version="1.0" encoding="utf-8"?>
<Project ToolsVersion="4.0" xmlns="http://schemas.microsoft.com/developer/msbuild/2003">
  <ItemGroup>
    <Filter Include="Source Files">
      <UniqueIdentifier>{cf7b5473-20dd-4279-8119-38512edee830}</UniqueIdentifier>
      <Extensions>cpp;c;cxx;rc;def;r;odl;hpj;bat;for;f90</Extensions>
    </Filter>
    <Filter Include="Header Files">
      <UniqueIdentifier>{0d599084-a6d4-4ba9-9ef7-96c1414a1ece}</UniqueIdentifier>
      <Extensions>h;hpp;hxx;hm;inl;fi;fd</Extensions>
    </Filter>
    <Filter Include="Resource Files">
      <UniqueIdentifier>{6430543f-ce9a-4e6f-8109-9e4f102db6e1}</UniqueIdentifier>
      <Extensions>ico;cur;bmp;dlg;rc2;rct;bin;cnt;rtf;gif;jpg;jpeg;jpe</Extensions>
    </Filter>
  </ItemGroup>
  <ItemGroup>
    <ClCompile Include="Source\digit.cpp">
      <Filter>Source Files</Filter>
    </ClCompile>
    <ClCompile Include="Source\main.cpp">
      <Filter>Source Files</Filter>
    </ClCompile>
    <ClCompile Include="Source\timer.cpp">
      <Filter>Source Files</Filter>
    </ClCompile>
  </ItemGroup>
  <ItemGroup>
    <ClInclude Include="Include\digit ops template.h">
      <Filter>Header Files</Filter>
    </ClInclude>
    <ClInclude Include="Include\digit.h">
      <Filter>Header Files</Filter>
    </ClInclude>
    <ClInclude Include="Include\integer template.h">
      <Filter>Header Files</Filter>
    </ClInclude>
    <ClInclude Include="Include\precompile.h">
      <Filter>Header Files</Filter>
    </ClInclude>
    <ClInclude Include="Include\timer.h">
      <Filter>Header Files</Filter>
    </ClInclude>
  </ItemGroup>
</Project>